// !$*UTF8*$!
{
	archiveVersion = 1;
	classes = {
	};
	objectVersion = 54;
	objects = {

/* Begin PBXBuildFile section */
		01F1CF1CF80E42BF80B92E0C /* viknergo_location_senja_coast.png in Resources */ = {isa = PBXBuildFile; fileRef = 220325D3A05B40D5A2364536 /* viknergo_location_senja_coast.png */; };
		09AEF7AED0B94933951D20A4 /* viknergo_icon_pin.png in Resources */ = {isa = PBXBuildFile; fileRef = 8A424395ED404388884B80F5 /* viknergo_icon_pin.png */; };
		0B057A2928444904AB3AD572 /* viknergo_location_trolltunga.png in Resources */ = {isa = PBXBuildFile; fileRef = F261612400684E178E2CD5D1 /* viknergo_location_trolltunga.png */; };
		0C80B921A6F3F58F76C31292 /* libPods-ViknergoTravelo.a in Frameworks */ = {isa = PBXBuildFile; fileRef = 5DCACB8F33CDC322A6C60F78 /* libPods-ViknergoTravelo.a */; };
		10B822815CC24106B9127269 /* viknergo_loader_bg.png in Resources */ = {isa = PBXBuildFile; fileRef = DDEB39C4569C4C369E596440 /* viknergo_loader_bg.png */; };
		117C3DD20C17497C9CF5A3F8 /* viknergo_location_rold_skov.png in Resources */ = {isa = PBXBuildFile; fileRef = BB791B1B59D14D1893378402 /* viknergo_location_rold_skov.png */; };
		13B07FBF1A68108700A75B9A /* Images.xcassets in Resources */ = {isa = PBXBuildFile; fileRef = 13B07FB51A68108700A75B9A /* Images.xcassets */; };
		1649C557338F4AC6995BA48C /* viknergo_location_fulufjallet.png in Resources */ = {isa = PBXBuildFile; fileRef = 43182B2B4B9B45FD999127AF /* viknergo_location_fulufjallet.png */; };
		23BB6B5EA73D4367AB71E6F7 /* viknergo_location_tyresta.png in Resources */ = {isa = PBXBuildFile; fileRef = DB709D60714E494BA9AA574A /* viknergo_location_tyresta.png */; };
		30DB94B6D1C249B5B305B569 /* viknergo_tab_flashlight.png in Resources */ = {isa = PBXBuildFile; fileRef = E0F741985CAC49E691BFB934 /* viknergo_tab_flashlight.png */; };
		39D4A2A65F6E426DAE22CA28 /* viknergo_onboard3.png in Resources */ = {isa = PBXBuildFile; fileRef = 1C439DE93CBA40569D08D793 /* viknergo_onboard3.png */; };
		523DC34C99D94D1BBFDAC32F /* viknergo_icon_share.png in Resources */ = {isa = PBXBuildFile; fileRef = 609BFF864F304988800CF85A /* viknergo_icon_share.png */; };
		62948C8170E848B48B8FD49C /* viknergo_onboard1.png in Resources */ = {isa = PBXBuildFile; fileRef = 4EF48EFC0F7C4C3DB6D546BB /* viknergo_onboard1.png */; };
		6776974EB9584521BB7DFFA0 /* freesound_community_generic_censor_tone_104518.mp3 in Resources */ = {isa = PBXBuildFile; fileRef = 1A55BD7ED3514F4CBC40266F /* freesound_community_generic_censor_tone_104518.mp3 */; };
		761780ED2CA45674006654EE /* AppDelegate.swift in Sources */ = {isa = PBXBuildFile; fileRef = 761780EC2CA45674006654EE /* AppDelegate.swift */; };
		81AB9BB82411601600AC10FF /* LaunchScreen.storyboard in Resources */ = {isa = PBXBuildFile; fileRef = 81AB9BB72411601600AC10FF /* LaunchScreen.storyboard */; };
		84C2A2D7E35C40B38F314603 /* viknergo_location_oulanka.png in Resources */ = {isa = PBXBuildFile; fileRef = 6EFD17CE30FD413398888C34 /* viknergo_location_oulanka.png */; };
		853C426B4F354887B893B5CC /* viknergo_location_reinebringen.png in Resources */ = {isa = PBXBuildFile; fileRef = 7D802BFDE3E6405A91D3E04C /* viknergo_location_reinebringen.png */; };
		86243948C1894F21B4D5B260 /* viknergo_tab_locations.png in Resources */ = {isa = PBXBuildFile; fileRef = EB24485A996E4992864FD85E /* viknergo_tab_locations.png */; };
		8A5F5CEBDF2E423BA30598C7 /* viknergo_onboard2.png in Resources */ = {isa = PBXBuildFile; fileRef = 87FAC4B56BC14E22BBE44469 /* viknergo_onboard2.png */; };
		8A786D59CE8C4897985DBC7F /* viknergo_icon_external.png in Resources */ = {isa = PBXBuildFile; fileRef = 4FCF58812B71448A8282986E /* viknergo_icon_external.png */; };
		938EECDD59F74766BE634676 /* viknergo_onboard4.png in Resources */ = {isa = PBXBuildFile; fileRef = 1B2BD1404B6441C8A7CF6078 /* viknergo_onboard4.png */; };
		96449A8BF6A44E51AA4AF4A5 /* viknergo_compass_mascot.png in Resources */ = {isa = PBXBuildFile; fileRef = 56AA2E0671F6487D9D7812B1 /* viknergo_compass_mascot.png */; };
		972C1AF814414B77AE223B1F /* viknergo_compass_dial.png in Resources */ = {isa = PBXBuildFile; fileRef = DC66956FF8D94D5587E72C7A /* viknergo_compass_dial.png */; };
		983C6B1DC03842EB83E23585 /* viknergo_icon_pin_detail.png in Resources */ = {isa = PBXBuildFile; fileRef = A510DFE41E9F436DA61D323D /* viknergo_icon_pin_detail.png */; };
		989D6E0E63EB4A0796419DE1 /* viknergo_tab_map.png in Resources */ = {isa = PBXBuildFile; fileRef = 9F843A331B274AED8F486D6F /* viknergo_tab_map.png */; };
		A32BEBF56E85464B95DB66CD /* viknergo_icon_maps.png in Resources */ = {isa = PBXBuildFile; fileRef = 6201112FCFF247E8868D2AEB /* viknergo_icon_maps.png */; };
		AD3E6FEED080DAF76280D314 /* PrivacyInfo.xcprivacy in Resources */ = {isa = PBXBuildFile; fileRef = 13B07FB81A68108700A75B9A /* PrivacyInfo.xcprivacy */; };
		B02209FFAA864F47A0A9D77F /* viknergo_tab_home.png in Resources */ = {isa = PBXBuildFile; fileRef = 58D750C3EF52484CA1C79210 /* viknergo_tab_home.png */; };
		B1334253BBE84ADFA483C4C5 /* viknergo_location_jokulsarlon.png in Resources */ = {isa = PBXBuildFile; fileRef = 552A91FB8F964423A70C37F6 /* viknergo_location_jokulsarlon.png */; };
		B436A87D5C44454ABAF08CB4 /* viknergo_location_kebnekaise.png in Resources */ = {isa = PBXBuildFile; fileRef = 5A8793484605428B88F54895 /* viknergo_location_kebnekaise.png */; };
		CB7BAF5E0587468997012E27 /* viknergo_icon_back.png in Resources */ = {isa = PBXBuildFile; fileRef = F68120942C7841D3804DC6B7 /* viknergo_icon_back.png */; };
		CFE9173563EC4ACDAA843956 /* dragon_studio_animal_grunt_382728.mp3 in Resources */ = {isa = PBXBuildFile; fileRef = E28ECA0EE6874D5DB3DF3760 /* dragon_studio_animal_grunt_382728.mp3 */; };
		D101C3BA3019F4E800F93B2E /* AudioToolbox.framework in Frameworks */ = {isa = PBXBuildFile; fileRef = D101C3B93019F4E800F93B2E /* AudioToolbox.framework */; };
		D101C3BC3019F4F500F93B2E /* AVKit.framework in Frameworks */ = {isa = PBXBuildFile; fileRef = D101C3BB3019F4F500F93B2E /* AVKit.framework */; };
		D101C3BE3019F50300F93B2E /* AVFoundation.framework in Frameworks */ = {isa = PBXBuildFile; fileRef = D101C3BD3019F50200F93B2E /* AVFoundation.framework */; };
		D12DFC9051354DF9BA79302E /* viknergo_loader_logo.png in Resources */ = {isa = PBXBuildFile; fileRef = 2CAAC170DD9A4E8A901B4C9D /* viknergo_loader_logo.png */; };
		DCEB104EC1EB471E94F523A9 /* viknergo_tab_compass.png in Resources */ = {isa = PBXBuildFile; fileRef = 8F39A45569754F05A17FD271 /* viknergo_tab_compass.png */; };
		DEFFF603A57845E3A54CDAC9 /* viknergo_tab_safety.png in Resources */ = {isa = PBXBuildFile; fileRef = 2BA7FE6FEE6641309A9B92A1 /* viknergo_tab_safety.png */; };
		E1583DC3D6AD49699124115F /* viknergo_location_naeroyfjord.png in Resources */ = {isa = PBXBuildFile; fileRef = B3693CCF60BD4785BE69AD5C /* viknergo_location_naeroyfjord.png */; };
		E6103D426C7F424CA751167A /* viknergo_location_galdhopiggen.png in Resources */ = {isa = PBXBuildFile; fileRef = DD2292E8B1FF408F8A0394EC /* viknergo_location_galdhopiggen.png */; };
		F8F816128D5141029CD06D23 /* viknergo_location_geirangerfjord.png in Resources */ = {isa = PBXBuildFile; fileRef = 886ED41B3516495296A3F99F /* viknergo_location_geirangerfjord.png */; };
/* End PBXBuildFile section */

/* Begin PBXFileReference section */
		13B07F961A680F5B00A75B9A /* ViknergoTravelo.app */ = {isa = PBXFileReference; explicitFileType = wrapper.application; includeInIndex = 0; path = ViknergoTravelo.app; sourceTree = BUILT_PRODUCTS_DIR; };
		13B07FB51A68108700A75B9A /* Images.xcassets */ = {isa = PBXFileReference; lastKnownFileType = folder.assetcatalog; name = Images.xcassets; path = ViknergoTravelo/Images.xcassets; sourceTree = "<group>"; };
		13B07FB61A68108700A75B9A /* Info.plist */ = {isa = PBXFileReference; fileEncoding = 4; lastKnownFileType = text.plist.xml; name = Info.plist; path = ViknergoTravelo/Info.plist; sourceTree = "<group>"; };
		13B07FB81A68108700A75B9A /* PrivacyInfo.xcprivacy */ = {isa = PBXFileReference; fileEncoding = 4; lastKnownFileType = text.plist.xml; name = PrivacyInfo.xcprivacy; path = ViknergoTravelo/PrivacyInfo.xcprivacy; sourceTree = "<group>"; };
		1A55BD7ED3514F4CBC40266F /* freesound_community_generic_censor_tone_104518.mp3 */ = {isa = PBXFileReference; explicitFileType = undefined; fileEncoding = 9; includeInIndex = 0; lastKnownFileType = unknown; name = freesound_community_generic_censor_tone_104518.mp3; path = ../src/assets/freesound_community_generic_censor_tone_104518.mp3; sourceTree = "<group>"; };
		1B2BD1404B6441C8A7CF6078 /* viknergo_onboard4.png */ = {isa = PBXFileReference; explicitFileType = undefined; fileEncoding = 9; includeInIndex = 0; lastKnownFileType = unknown; name = viknergo_onboard4.png; path = ../src/assets/viknergo_onboard4.png; sourceTree = "<group>"; };
		1C439DE93CBA40569D08D793 /* viknergo_onboard3.png */ = {isa = PBXFileReference; explicitFileType = undefined; fileEncoding = 9; includeInIndex = 0; lastKnownFileType = unknown; name = viknergo_onboard3.png; path = ../src/assets/viknergo_onboard3.png; sourceTree = "<group>"; };
		220325D3A05B40D5A2364536 /* viknergo_location_senja_coast.png */ = {isa = PBXFileReference; explicitFileType = undefined; fileEncoding = 9; includeInIndex = 0; lastKnownFileType = unknown; name = viknergo_location_senja_coast.png; path = ../src/assets/viknergo_location_senja_coast.png; sourceTree = "<group>"; };
		2BA7FE6FEE6641309A9B92A1 /* viknergo_tab_safety.png */ = {isa = PBXFileReference; explicitFileType = undefined; fileEncoding = 9; includeInIndex = 0; lastKnownFileType = unknown; name = viknergo_tab_safety.png; path = ../src/assets/viknergo_tab_safety.png; sourceTree = "<group>"; };
		2CAAC170DD9A4E8A901B4C9D /* viknergo_loader_logo.png */ = {isa = PBXFileReference; explicitFileType = undefined; fileEncoding = 9; includeInIndex = 0; lastKnownFileType = unknown; name = viknergo_loader_logo.png; path = ../src/assets/viknergo_loader_logo.png; sourceTree = "<group>"; };
		3B4392A12AC88292D35C810B /* Pods-ViknergoTravelo.debug.xcconfig */ = {isa = PBXFileReference; includeInIndex = 1; lastKnownFileType = text.xcconfig; name = "Pods-ViknergoTravelo.debug.xcconfig"; path = "Target Support Files/Pods-ViknergoTravelo/Pods-ViknergoTravelo.debug.xcconfig"; sourceTree = "<group>"; };
		43182B2B4B9B45FD999127AF /* viknergo_location_fulufjallet.png */ = {isa = PBXFileReference; explicitFileType = undefined; fileEncoding = 9; includeInIndex = 0; lastKnownFileType = unknown; name = viknergo_location_fulufjallet.png; path = ../src/assets/viknergo_location_fulufjallet.png; sourceTree = "<group>"; };
		4EF48EFC0F7C4C3DB6D546BB /* viknergo_onboard1.png */ = {isa = PBXFileReference; explicitFileType = undefined; fileEncoding = 9; includeInIndex = 0; lastKnownFileType = unknown; name = viknergo_onboard1.png; path = ../src/assets/viknergo_onboard1.png; sourceTree = "<group>"; };
		4FCF58812B71448A8282986E /* viknergo_icon_external.png */ = {isa = PBXFileReference; explicitFileType = undefined; fileEncoding = 9; includeInIndex = 0; lastKnownFileType = unknown; name = viknergo_icon_external.png; path = ../src/assets/viknergo_icon_external.png; sourceTree = "<group>"; };
		552A91FB8F964423A70C37F6 /* viknergo_location_jokulsarlon.png */ = {isa = PBXFileReference; explicitFileType = undefined; fileEncoding = 9; includeInIndex = 0; lastKnownFileType = unknown; name = viknergo_location_jokulsarlon.png; path = ../src/assets/viknergo_location_jokulsarlon.png; sourceTree = "<group>"; };
		56AA2E0671F6487D9D7812B1 /* viknergo_compass_mascot.png */ = {isa = PBXFileReference; explicitFileType = undefined; fileEncoding = 9; includeInIndex = 0; lastKnownFileType = unknown; name = viknergo_compass_mascot.png; path = ../src/assets/viknergo_compass_mascot.png; sourceTree = "<group>"; };
		5709B34CF0A7D63546082F79 /* Pods-ViknergoTravelo.release.xcconfig */ = {isa = PBXFileReference; includeInIndex = 1; lastKnownFileType = text.xcconfig; name = "Pods-ViknergoTravelo.release.xcconfig"; path = "Target Support Files/Pods-ViknergoTravelo/Pods-ViknergoTravelo.release.xcconfig"; sourceTree = "<group>"; };
		58D750C3EF52484CA1C79210 /* viknergo_tab_home.png */ = {isa = PBXFileReference; explicitFileType = undefined; fileEncoding = 9; includeInIndex = 0; lastKnownFileType = unknown; name = viknergo_tab_home.png; path = ../src/assets/viknergo_tab_home.png; sourceTree = "<group>"; };
		5A8793484605428B88F54895 /* viknergo_location_kebnekaise.png */ = {isa = PBXFileReference; explicitFileType = undefined; fileEncoding = 9; includeInIndex = 0; lastKnownFileType = unknown; name = viknergo_location_kebnekaise.png; path = ../src/assets/viknergo_location_kebnekaise.png; sourceTree = "<group>"; };
		5DCACB8F33CDC322A6C60F78 /* libPods-ViknergoTravelo.a */ = {isa = PBXFileReference; explicitFileType = archive.ar; includeInIndex = 0; path = "libPods-ViknergoTravelo.a"; sourceTree = BUILT_PRODUCTS_DIR; };
		609BFF864F304988800CF85A /* viknergo_icon_share.png */ = {isa = PBXFileReference; explicitFileType = undefined; fileEncoding = 9; includeInIndex = 0; lastKnownFileType = unknown; name = viknergo_icon_share.png; path = ../src/assets/viknergo_icon_share.png; sourceTree = "<group>"; };
		6201112FCFF247E8868D2AEB /* viknergo_icon_maps.png */ = {isa = PBXFileReference; explicitFileType = undefined; fileEncoding = 9; includeInIndex = 0; lastKnownFileType = unknown; name = viknergo_icon_maps.png; path = ../src/assets/viknergo_icon_maps.png; sourceTree = "<group>"; };
		6EFD17CE30FD413398888C34 /* viknergo_location_oulanka.png */ = {isa = PBXFileReference; explicitFileType = undefined; fileEncoding = 9; includeInIndex = 0; lastKnownFileType = unknown; name = viknergo_location_oulanka.png; path = ../src/assets/viknergo_location_oulanka.png; sourceTree = "<group>"; };
		761780EC2CA45674006654EE /* AppDelegate.swift */ = {isa = PBXFileReference; lastKnownFileType = sourcecode.swift; name = AppDelegate.swift; path = ViknergoTravelo/AppDelegate.swift; sourceTree = "<group>"; };
		7D802BFDE3E6405A91D3E04C /* viknergo_location_reinebringen.png */ = {isa = PBXFileReference; explicitFileType = undefined; fileEncoding = 9; includeInIndex = 0; lastKnownFileType = unknown; name = viknergo_location_reinebringen.png; path = ../src/assets/viknergo_location_reinebringen.png; sourceTree = "<group>"; };
		81AB9BB72411601600AC10FF /* LaunchScreen.storyboard */ = {isa = PBXFileReference; fileEncoding = 4; lastKnownFileType = file.storyboard; name = LaunchScreen.storyboard; path = ViknergoTravelo/LaunchScreen.storyboard; sourceTree = "<group>"; };
		87FAC4B56BC14E22BBE44469 /* viknergo_onboard2.png */ = {isa = PBXFileReference; explicitFileType = undefined; fileEncoding = 9; includeInIndex = 0; lastKnownFileType = unknown; name = viknergo_onboard2.png; path = ../src/assets/viknergo_onboard2.png; sourceTree = "<group>"; };
		886ED41B3516495296A3F99F /* viknergo_location_geirangerfjord.png */ = {isa = PBXFileReference; explicitFileType = undefined; fileEncoding = 9; includeInIndex = 0; lastKnownFileType = unknown; name = viknergo_location_geirangerfjord.png; path = ../src/assets/viknergo_location_geirangerfjord.png; sourceTree = "<group>"; };
		8A424395ED404388884B80F5 /* viknergo_icon_pin.png */ = {isa = PBXFileReference; explicitFileType = undefined; fileEncoding = 9; includeInIndex = 0; lastKnownFileType = unknown; name = viknergo_icon_pin.png; path = ../src/assets/viknergo_icon_pin.png; sourceTree = "<group>"; };
		8F39A45569754F05A17FD271 /* viknergo_tab_compass.png */ = {isa = PBXFileReference; explicitFileType = undefined; fileEncoding = 9; includeInIndex = 0; lastKnownFileType = unknown; name = viknergo_tab_compass.png; path = ../src/assets/viknergo_tab_compass.png; sourceTree = "<group>"; };
		9F843A331B274AED8F486D6F /* viknergo_tab_map.png */ = {isa = PBXFileReference; explicitFileType = undefined; fileEncoding = 9; includeInIndex = 0; lastKnownFileType = unknown; name = viknergo_tab_map.png; path = ../src/assets/viknergo_tab_map.png; sourceTree = "<group>"; };
		A510DFE41E9F436DA61D323D /* viknergo_icon_pin_detail.png */ = {isa = PBXFileReference; explicitFileType = undefined; fileEncoding = 9; includeInIndex = 0; lastKnownFileType = unknown; name = viknergo_icon_pin_detail.png; path = ../src/assets/viknergo_icon_pin_detail.png; sourceTree = "<group>"; };
		B3693CCF60BD4785BE69AD5C /* viknergo_location_naeroyfjord.png */ = {isa = PBXFileReference; explicitFileType = undefined; fileEncoding = 9; includeInIndex = 0; lastKnownFileType = unknown; name = viknergo_location_naeroyfjord.png; path = ../src/assets/viknergo_location_naeroyfjord.png; sourceTree = "<group>"; };
		BB791B1B59D14D1893378402 /* viknergo_location_rold_skov.png */ = {isa = PBXFileReference; explicitFileType = undefined; fileEncoding = 9; includeInIndex = 0; lastKnownFileType = unknown; name = viknergo_location_rold_skov.png; path = ../src/assets/viknergo_location_rold_skov.png; sourceTree = "<group>"; };
		D101C3B93019F4E800F93B2E /* AudioToolbox.framework */ = {isa = PBXFileReference; lastKnownFileType = wrapper.framework; name = AudioToolbox.framework; path = System/Library/Frameworks/AudioToolbox.framework; sourceTree = SDKROOT; };
		D101C3BB3019F4F500F93B2E /* AVKit.framework */ = {isa = PBXFileReference; lastKnownFileType = wrapper.framework; name = AVKit.framework; path = System/Library/Frameworks/AVKit.framework; sourceTree = SDKROOT; };
		D101C3BD3019F50200F93B2E /* AVFoundation.framework */ = {isa = PBXFileReference; lastKnownFileType = wrapper.framework; name = AVFoundation.framework; path = System/Library/Frameworks/AVFoundation.framework; sourceTree = SDKROOT; };
		DB709D60714E494BA9AA574A /* viknergo_location_tyresta.png */ = {isa = PBXFileReference; explicitFileType = undefined; fileEncoding = 9; includeInIndex = 0; lastKnownFileType = unknown; name = viknergo_location_tyresta.png; path = ../src/assets/viknergo_location_tyresta.png; sourceTree = "<group>"; };
		DC66956FF8D94D5587E72C7A /* viknergo_compass_dial.png */ = {isa = PBXFileReference; explicitFileType = undefined; fileEncoding = 9; includeInIndex = 0; lastKnownFileType = unknown; name = viknergo_compass_dial.png; path = ../src/assets/viknergo_compass_dial.png; sourceTree = "<group>"; };
		DD2292E8B1FF408F8A0394EC /* viknergo_location_galdhopiggen.png */ = {isa = PBXFileReference; explicitFileType = undefined; fileEncoding = 9; includeInIndex = 0; lastKnownFileType = unknown; name = viknergo_location_galdhopiggen.png; path = ../src/assets/viknergo_location_galdhopiggen.png; sourceTree = "<group>"; };
		DDEB39C4569C4C369E596440 /* viknergo_loader_bg.png */ = {isa = PBXFileReference; explicitFileType = undefined; fileEncoding = 9; includeInIndex = 0; lastKnownFileType = unknown; name = viknergo_loader_bg.png; path = ../src/assets/viknergo_loader_bg.png; sourceTree = "<group>"; };
		E0F741985CAC49E691BFB934 /* viknergo_tab_flashlight.png */ = {isa = PBXFileReference; explicitFileType = undefined; fileEncoding = 9; includeInIndex = 0; lastKnownFileType = unknown; name = viknergo_tab_flashlight.png; path = ../src/assets/viknergo_tab_flashlight.png; sourceTree = "<group>"; };
		E28ECA0EE6874D5DB3DF3760 /* dragon_studio_animal_grunt_382728.mp3 */ = {isa = PBXFileReference; explicitFileType = undefined; fileEncoding = 9; includeInIndex = 0; lastKnownFileType = unknown; name = dragon_studio_animal_grunt_382728.mp3; path = ../src/assets/dragon_studio_animal_grunt_382728.mp3; sourceTree = "<group>"; };
		EB24485A996E4992864FD85E /* viknergo_tab_locations.png */ = {isa = PBXFileReference; explicitFileType = undefined; fileEncoding = 9; includeInIndex = 0; lastKnownFileType = unknown; name = viknergo_tab_locations.png; path = ../src/assets/viknergo_tab_locations.png; sourceTree = "<group>"; };
		ED297162215061F000B7C4FE /* JavaScriptCore.framework */ = {isa = PBXFileReference; lastKnownFileType = wrapper.framework; name = JavaScriptCore.framework; path = System/Library/Frameworks/JavaScriptCore.framework; sourceTree = SDKROOT; };
		F261612400684E178E2CD5D1 /* viknergo_location_trolltunga.png */ = {isa = PBXFileReference; explicitFileType = undefined; fileEncoding = 9; includeInIndex = 0; lastKnownFileType = unknown; name = viknergo_location_trolltunga.png; path = ../src/assets/viknergo_location_trolltunga.png; sourceTree = "<group>"; };
		F68120942C7841D3804DC6B7 /* viknergo_icon_back.png */ = {isa = PBXFileReference; explicitFileType = undefined; fileEncoding = 9; includeInIndex = 0; lastKnownFileType = unknown; name = viknergo_icon_back.png; path = ../src/assets/viknergo_icon_back.png; sourceTree = "<group>"; };
/* End PBXFileReference section */

/* Begin PBXFrameworksBuildPhase section */
		13B07F8C1A680F5B00A75B9A /* Frameworks */ = {
			isa = PBXFrameworksBuildPhase;
			buildActionMask = 2147483647;
			files = (
				D101C3BE3019F50300F93B2E /* AVFoundation.framework in Frameworks */,
				D101C3BC3019F4F500F93B2E /* AVKit.framework in Frameworks */,
				D101C3BA3019F4E800F93B2E /* AudioToolbox.framework in Frameworks */,
				0C80B921A6F3F58F76C31292 /* libPods-ViknergoTravelo.a in Frameworks */,
			);
			runOnlyForDeploymentPostprocessing = 0;
		};
/* End PBXFrameworksBuildPhase section */

/* Begin PBXGroup section */
		13B07FAE1A68108700A75B9A /* ViknergoTravelo */ = {
			isa = PBXGroup;
			children = (
				13B07FB51A68108700A75B9A /* Images.xcassets */,
				761780EC2CA45674006654EE /* AppDelegate.swift */,
				13B07FB61A68108700A75B9A /* Info.plist */,
				81AB9BB72411601600AC10FF /* LaunchScreen.storyboard */,
				13B07FB81A68108700A75B9A /* PrivacyInfo.xcprivacy */,
			);
			name = ViknergoTravelo;
			sourceTree = "<group>";
		};
		2D16E6871FA4F8E400B85C8A /* Frameworks */ = {
			isa = PBXGroup;
			children = (
				D101C3BD3019F50200F93B2E /* AVFoundation.framework */,
				D101C3BB3019F4F500F93B2E /* AVKit.framework */,
				D101C3B93019F4E800F93B2E /* AudioToolbox.framework */,
				ED297162215061F000B7C4FE /* JavaScriptCore.framework */,
				5DCACB8F33CDC322A6C60F78 /* libPods-ViknergoTravelo.a */,
			);
			name = Frameworks;
			sourceTree = "<group>";
		};
		832341AE1AAA6A7D00B99B32 /* Libraries */ = {
			isa = PBXGroup;
			children = (
			);
			name = Libraries;
			sourceTree = "<group>";
		};
		83CBB9F61A601CBA00E9B192 = {
			isa = PBXGroup;
			children = (
				13B07FAE1A68108700A75B9A /* ViknergoTravelo */,
				832341AE1AAA6A7D00B99B32 /* Libraries */,
				83CBBA001A601CBA00E9B192 /* Products */,
				2D16E6871FA4F8E400B85C8A /* Frameworks */,
				BBD78D7AC51CEA395F1C20DB /* Pods */,
				D4215312BCD44AB1ACC54410 /* Resources */,
			);
			indentWidth = 2;
			sourceTree = "<group>";
			tabWidth = 2;
			usesTabs = 0;
		};
		83CBBA001A601CBA00E9B192 /* Products */ = {
			isa = PBXGroup;
			children = (
				13B07F961A680F5B00A75B9A /* ViknergoTravelo.app */,
			);
			name = Products;
			sourceTree = "<group>";
		};
		BBD78D7AC51CEA395F1C20DB /* Pods */ = {
			isa = PBXGroup;
			children = (
				3B4392A12AC88292D35C810B /* Pods-ViknergoTravelo.debug.xcconfig */,
				5709B34CF0A7D63546082F79 /* Pods-ViknergoTravelo.release.xcconfig */,
			);
			path = Pods;
			sourceTree = "<group>";
		};
		D4215312BCD44AB1ACC54410 /* Resources */ = {
			isa = PBXGroup;
			children = (
				1A55BD7ED3514F4CBC40266F /* freesound_community_generic_censor_tone_104518.mp3 */,
				E28ECA0EE6874D5DB3DF3760 /* dragon_studio_animal_grunt_382728.mp3 */,
				F68120942C7841D3804DC6B7 /* viknergo_icon_back.png */,
				87FAC4B56BC14E22BBE44469 /* viknergo_onboard2.png */,
				EB24485A996E4992864FD85E /* viknergo_tab_locations.png */,
				1C439DE93CBA40569D08D793 /* viknergo_onboard3.png */,
				9F843A331B274AED8F486D6F /* viknergo_tab_map.png */,
				4EF48EFC0F7C4C3DB6D546BB /* viknergo_onboard1.png */,
				6201112FCFF247E8868D2AEB /* viknergo_icon_maps.png */,
				F261612400684E178E2CD5D1 /* viknergo_location_trolltunga.png */,
				4FCF58812B71448A8282986E /* viknergo_icon_external.png */,
				1B2BD1404B6441C8A7CF6078 /* viknergo_onboard4.png */,
				2CAAC170DD9A4E8A901B4C9D /* viknergo_loader_logo.png */,
				8A424395ED404388884B80F5 /* viknergo_icon_pin.png */,
				6EFD17CE30FD413398888C34 /* viknergo_location_oulanka.png */,
				8F39A45569754F05A17FD271 /* viknergo_tab_compass.png */,
				E0F741985CAC49E691BFB934 /* viknergo_tab_flashlight.png */,
				DD2292E8B1FF408F8A0394EC /* viknergo_location_galdhopiggen.png */,
				7D802BFDE3E6405A91D3E04C /* viknergo_location_reinebringen.png */,
				2BA7FE6FEE6641309A9B92A1 /* viknergo_tab_safety.png */,
				43182B2B4B9B45FD999127AF /* viknergo_location_fulufjallet.png */,
				DB709D60714E494BA9AA574A /* viknergo_location_tyresta.png */,
				B3693CCF60BD4785BE69AD5C /* viknergo_location_naeroyfjord.png */,
				5A8793484605428B88F54895 /* viknergo_location_kebnekaise.png */,
				DC66956FF8D94D5587E72C7A /* viknergo_compass_dial.png */,
				58D750C3EF52484CA1C79210 /* viknergo_tab_home.png */,
				DDEB39C4569C4C369E596440 /* viknergo_loader_bg.png */,
				BB791B1B59D14D1893378402 /* viknergo_location_rold_skov.png */,
				220325D3A05B40D5A2364536 /* viknergo_location_senja_coast.png */,
				886ED41B3516495296A3F99F /* viknergo_location_geirangerfjord.png */,
				552A91FB8F964423A70C37F6 /* viknergo_location_jokulsarlon.png */,
				A510DFE41E9F436DA61D323D /* viknergo_icon_pin_detail.png */,
				609BFF864F304988800CF85A /* viknergo_icon_share.png */,
				56AA2E0671F6487D9D7812B1 /* viknergo_compass_mascot.png */,
			);
			name = Resources;
			sourceTree = "<group>";
		};
/* End PBXGroup section */

/* Begin PBXNativeTarget section */
		13B07F861A680F5B00A75B9A /* ViknergoTravelo */ = {
			isa = PBXNativeTarget;
			buildConfigurationList = 13B07F931A680F5B00A75B9A /* Build configuration list for PBXNativeTarget "ViknergoTravelo" */;
			buildPhases = (
				C38B50BA6285516D6DCD4F65 /* [CP] Check Pods Manifest.lock */,
				13B07F871A680F5B00A75B9A /* Sources */,
				13B07F8C1A680F5B00A75B9A /* Frameworks */,
				13B07F8E1A680F5B00A75B9A /* Resources */,
				00DD1BFF1BD5951E006B06BC /* Bundle React Native code and images */,
				00EEFC60759A1932668264C0 /* [CP] Embed Pods Frameworks */,
				E235C05ADACE081382539298 /* [CP] Copy Pods Resources */,
			);
			buildRules = (
			);
			dependencies = (
			);
			name = ViknergoTravelo;
			productName = ViknergoTravelo;
			productReference = 13B07F961A680F5B00A75B9A /* ViknergoTravelo.app */;
			productType = "com.apple.product-type.application";
		};
/* End PBXNativeTarget section */

/* Begin PBXProject section */
		83CBB9F71A601CBA00E9B192 /* Project object */ = {
			isa = PBXProject;
			attributes = {
				LastUpgradeCheck = 1210;
				TargetAttributes = {
					13B07F861A680F5B00A75B9A = {
						LastSwiftMigration = 1120;
					};
				};
			};
			buildConfigurationList = 83CBB9FA1A601CBA00E9B192 /* Build configuration list for PBXProject "ViknergoTravelo" */;
			compatibilityVersion = "Xcode 12.0";
			developmentRegion = en;
			hasScannedForEncodings = 0;
			knownRegions = (
				en,
				Base,
			);
			mainGroup = 83CBB9F61A601CBA00E9B192;
			productRefGroup = 83CBBA001A601CBA00E9B192 /* Products */;
			projectDirPath = "";
			projectRoot = "";
			targets = (
				13B07F861A680F5B00A75B9A /* ViknergoTravelo */,
			);
		};
/* End PBXProject section */

/* Begin PBXResourcesBuildPhase section */
		13B07F8E1A680F5B00A75B9A /* Resources */ = {
			isa = PBXResourcesBuildPhase;
			buildActionMask = 2147483647;
			files = (
				81AB9BB82411601600AC10FF /* LaunchScreen.storyboard in Resources */,
				13B07FBF1A68108700A75B9A /* Images.xcassets in Resources */,
				AD3E6FEED080DAF76280D314 /* PrivacyInfo.xcprivacy in Resources */,
				6776974EB9584521BB7DFFA0 /* freesound_community_generic_censor_tone_104518.mp3 in Resources */,
				CFE9173563EC4ACDAA843956 /* dragon_studio_animal_grunt_382728.mp3 in Resources */,
				CB7BAF5E0587468997012E27 /* viknergo_icon_back.png in Resources */,
				8A5F5CEBDF2E423BA30598C7 /* viknergo_onboard2.png in Resources */,
				86243948C1894F21B4D5B260 /* viknergo_tab_locations.png in Resources */,
				39D4A2A65F6E426DAE22CA28 /* viknergo_onboard3.png in Resources */,
				989D6E0E63EB4A0796419DE1 /* viknergo_tab_map.png in Resources */,
				62948C8170E848B48B8FD49C /* viknergo_onboard1.png in Resources */,
				A32BEBF56E85464B95DB66CD /* viknergo_icon_maps.png in Resources */,
				0B057A2928444904AB3AD572 /* viknergo_location_trolltunga.png in Resources */,
				8A786D59CE8C4897985DBC7F /* viknergo_icon_external.png in Resources */,
				938EECDD59F74766BE634676 /* viknergo_onboard4.png in Resources */,
				D12DFC9051354DF9BA79302E /* viknergo_loader_logo.png in Resources */,
				09AEF7AED0B94933951D20A4 /* viknergo_icon_pin.png in Resources */,
				84C2A2D7E35C40B38F314603 /* viknergo_location_oulanka.png in Resources */,
				DCEB104EC1EB471E94F523A9 /* viknergo_tab_compass.png in Resources */,
				30DB94B6D1C249B5B305B569 /* viknergo_tab_flashlight.png in Resources */,
				E6103D426C7F424CA751167A /* viknergo_location_galdhopiggen.png in Resources */,
				853C426B4F354887B893B5CC /* viknergo_location_reinebringen.png in Resources */,
				DEFFF603A57845E3A54CDAC9 /* viknergo_tab_safety.png in Resources */,
				1649C557338F4AC6995BA48C /* viknergo_location_fulufjallet.png in Resources */,
				23BB6B5EA73D4367AB71E6F7 /* viknergo_location_tyresta.png in Resources */,
				E1583DC3D6AD49699124115F /* viknergo_location_naeroyfjord.png in Resources */,
				B436A87D5C44454ABAF08CB4 /* viknergo_location_kebnekaise.png in Resources */,
				972C1AF814414B77AE223B1F /* viknergo_compass_dial.png in Resources */,
				B02209FFAA864F47A0A9D77F /* viknergo_tab_home.png in Resources */,
				10B822815CC24106B9127269 /* viknergo_loader_bg.png in Resources */,
				117C3DD20C17497C9CF5A3F8 /* viknergo_location_rold_skov.png in Resources */,
				01F1CF1CF80E42BF80B92E0C /* viknergo_location_senja_coast.png in Resources */,
				F8F816128D5141029CD06D23 /* viknergo_location_geirangerfjord.png in Resources */,
				B1334253BBE84ADFA483C4C5 /* viknergo_location_jokulsarlon.png in Resources */,
				983C6B1DC03842EB83E23585 /* viknergo_icon_pin_detail.png in Resources */,
				523DC34C99D94D1BBFDAC32F /* viknergo_icon_share.png in Resources */,
				96449A8BF6A44E51AA4AF4A5 /* viknergo_compass_mascot.png in Resources */,
			);
			runOnlyForDeploymentPostprocessing = 0;
		};
/* End PBXResourcesBuildPhase section */

/* Begin PBXShellScriptBuildPhase section */
		00DD1BFF1BD5951E006B06BC /* Bundle React Native code and images */ = {
			isa = PBXShellScriptBuildPhase;
			buildActionMask = 2147483647;
			files = (
			);
			inputPaths = (
				"$(SRCROOT)/.xcode.env.local",
				"$(SRCROOT)/.xcode.env",
			);
			name = "Bundle React Native code and images";
			outputPaths = (
			);
			runOnlyForDeploymentPostprocessing = 0;
			shellPath = /bin/sh;
			shellScript = "set -e\n\nWITH_ENVIRONMENT=\"$REACT_NATIVE_PATH/scripts/xcode/with-environment.sh\"\nREACT_NATIVE_XCODE=\"$REACT_NATIVE_PATH/scripts/react-native-xcode.sh\"\n\n/bin/sh -c \"\\\"$WITH_ENVIRONMENT\\\" \\\"$REACT_NATIVE_XCODE\\\"\"\n";
		};
		00EEFC60759A1932668264C0 /* [CP] Embed Pods Frameworks */ = {
			isa = PBXShellScriptBuildPhase;
			buildActionMask = 2147483647;
			files = (
			);
			inputFileListPaths = (
				"${PODS_ROOT}/Target Support Files/Pods-ViknergoTravelo/Pods-ViknergoTravelo-frameworks-${CONFIGURATION}-input-files.xcfilelist",
			);
			name = "[CP] Embed Pods Frameworks";
			outputFileListPaths = (
				"${PODS_ROOT}/Target Support Files/Pods-ViknergoTravelo/Pods-ViknergoTravelo-frameworks-${CONFIGURATION}-output-files.xcfilelist",
			);
			runOnlyForDeploymentPostprocessing = 0;
			shellPath = /bin/sh;
			shellScript = "\"${PODS_ROOT}/Target Support Files/Pods-ViknergoTravelo/Pods-ViknergoTravelo-frameworks.sh\"\n";
			showEnvVarsInLog = 0;
		};
		C38B50BA6285516D6DCD4F65 /* [CP] Check Pods Manifest.lock */ = {
			isa = PBXShellScriptBuildPhase;
			buildActionMask = 2147483647;
			files = (
			);
			inputFileListPaths = (
			);
			inputPaths = (
				"${PODS_PODFILE_DIR_PATH}/Podfile.lock",
				"${PODS_ROOT}/Manifest.lock",
			);
			name = "[CP] Check Pods Manifest.lock";
			outputFileListPaths = (
			);
			outputPaths = (
				"$(DERIVED_FILE_DIR)/Pods-ViknergoTravelo-checkManifestLockResult.txt",
			);
			runOnlyForDeploymentPostprocessing = 0;
			shellPath = /bin/sh;
			shellScript = "diff \"${PODS_PODFILE_DIR_PATH}/Podfile.lock\" \"${PODS_ROOT}/Manifest.lock\" > /dev/null\nif [ $? != 0 ] ; then\n    # print error to STDERR\n    echo \"error: The sandbox is not in sync with the Podfile.lock. Run 'pod install' or update your CocoaPods installation.\" >&2\n    exit 1\nfi\n# This output is used by Xcode 'outputs' to avoid re-running this script phase.\necho \"SUCCESS\" > \"${SCRIPT_OUTPUT_FILE_0}\"\n";
			showEnvVarsInLog = 0;
		};
		E235C05ADACE081382539298 /* [CP] Copy Pods Resources */ = {
			isa = PBXShellScriptBuildPhase;
			buildActionMask = 2147483647;
			files = (
			);
			inputFileListPaths = (
				"${PODS_ROOT}/Target Support Files/Pods-ViknergoTravelo/Pods-ViknergoTravelo-resources-${CONFIGURATION}-input-files.xcfilelist",
			);
			name = "[CP] Copy Pods Resources";
			outputFileListPaths = (
				"${PODS_ROOT}/Target Support Files/Pods-ViknergoTravelo/Pods-ViknergoTravelo-resources-${CONFIGURATION}-output-files.xcfilelist",
			);
			runOnlyForDeploymentPostprocessing = 0;
			shellPath = /bin/sh;
			shellScript = "\"${PODS_ROOT}/Target Support Files/Pods-ViknergoTravelo/Pods-ViknergoTravelo-resources.sh\"\n";
			showEnvVarsInLog = 0;
		};
/* End PBXShellScriptBuildPhase section */

/* Begin PBXSourcesBuildPhase section */
		13B07F871A680F5B00A75B9A /* Sources */ = {
			isa = PBXSourcesBuildPhase;
			buildActionMask = 2147483647;
			files = (
				761780ED2CA45674006654EE /* AppDelegate.swift in Sources */,
			);
			runOnlyForDeploymentPostprocessing = 0;
		};
/* End PBXSourcesBuildPhase section */

/* Begin XCBuildConfiguration section */
		13B07F941A680F5B00A75B9A /* Debug */ = {
			isa = XCBuildConfiguration;
			baseConfigurationReference = 3B4392A12AC88292D35C810B /* Pods-ViknergoTravelo.debug.xcconfig */;
			buildSettings = {
				ASSETCATALOG_COMPILER_APPICON_NAME = AppIcon;
				CLANG_ENABLE_MODULES = YES;
				CURRENT_PROJECT_VERSION = 1;
				ENABLE_BITCODE = NO;
				INFOPLIST_FILE = ViknergoTravelo/Info.plist;
				IPHONEOS_DEPLOYMENT_TARGET = 15.1;
				LD_RUNPATH_SEARCH_PATHS = (
					"$(inherited)",
					"@executable_path/Frameworks",
				);
				MARKETING_VERSION = 1.0;
				OTHER_LDFLAGS = (
					"$(inherited)",
					"-ObjC",
					"-lc++",
				);
				PRODUCT_BUNDLE_IDENTIFIER = com.thdjdh.djahrjujana;
				PRODUCT_NAME = ViknergoTravelo;
				SUPPORTED_PLATFORMS = "iphoneos iphonesimulator";
				SUPPORTS_MACCATALYST = NO;
				SUPPORTS_MAC_DESIGNED_FOR_IPHONE_IPAD = NO;
				SUPPORTS_XR_DESIGNED_FOR_IPHONE_IPAD = NO;
				SWIFT_OPTIMIZATION_LEVEL = "-Onone";
				SWIFT_VERSION = 5.0;
				TARGETED_DEVICE_FAMILY = 1;
				VERSIONING_SYSTEM = "apple-generic";
			};
			name = Debug;
		};
		13B07F951A680F5B00A75B9A /* Release */ = {
			isa = XCBuildConfiguration;
			baseConfigurationReference = 5709B34CF0A7D63546082F79 /* Pods-ViknergoTravelo.release.xcconfig */;
			buildSettings = {
				ASSETCATALOG_COMPILER_APPICON_NAME = AppIcon;
				CLANG_ENABLE_MODULES = YES;
				CURRENT_PROJECT_VERSION = 1;
				INFOPLIST_FILE = ViknergoTravelo/Info.plist;
				IPHONEOS_DEPLOYMENT_TARGET = 15.1;
				LD_RUNPATH_SEARCH_PATHS = (
					"$(inherited)",
					"@executable_path/Frameworks",
				);
				MARKETING_VERSION = 1.0;
				OTHER_LDFLAGS = (
					"$(inherited)",
					"-ObjC",
					"-lc++",
				);
				PRODUCT_BUNDLE_IDENTIFIER = com.thdjdh.djahrjujana;
				PRODUCT_NAME = ViknergoTravelo;
				SUPPORTED_PLATFORMS = "iphoneos iphonesimulator";
				SUPPORTS_MACCATALYST = NO;
				SUPPORTS_MAC_DESIGNED_FOR_IPHONE_IPAD = NO;
				SUPPORTS_XR_DESIGNED_FOR_IPHONE_IPAD = NO;
				SWIFT_VERSION = 5.0;
				TARGETED_DEVICE_FAMILY = 1;
				VERSIONING_SYSTEM = "apple-generic";
			};
			name = Release;
		};
		83CBBA201A601CBA00E9B192 /* Debug */ = {
			isa = XCBuildConfiguration;
			buildSettings = {
				ALWAYS_SEARCH_USER_PATHS = NO;
				CLANG_ANALYZER_LOCALIZABILITY_NONLOCALIZED = YES;
				CLANG_CXX_LANGUAGE_STANDARD = "c++20";
				CLANG_CXX_LIBRARY = "libc++";
				CLANG_ENABLE_MODULES = YES;
				CLANG_ENABLE_OBJC_ARC = YES;
				CLANG_WARN_BLOCK_CAPTURE_AUTORELEASING = YES;
				CLANG_WARN_BOOL_CONVERSION = YES;
				CLANG_WARN_COMMA = YES;
				CLANG_WARN_CONSTANT_CONVERSION = YES;
				CLANG_WARN_DEPRECATED_OBJC_IMPLEMENTATIONS = YES;
				CLANG_WARN_DIRECT_OBJC_ISA_USAGE = YES_ERROR;
				CLANG_WARN_EMPTY_BODY = YES;
				CLANG_WARN_ENUM_CONVERSION = YES;
				CLANG_WARN_INFINITE_RECURSION = YES;
				CLANG_WARN_INT_CONVERSION = YES;
				CLANG_WARN_NON_LITERAL_NULL_CONVERSION = YES;
				CLANG_WARN_OBJC_IMPLICIT_RETAIN_SELF = YES;
				CLANG_WARN_OBJC_LITERAL_CONVERSION = YES;
				CLANG_WARN_OBJC_ROOT_CLASS = YES_ERROR;
				CLANG_WARN_QUOTED_INCLUDE_IN_FRAMEWORK_HEADER = YES;
				CLANG_WARN_RANGE_LOOP_ANALYSIS = YES;
				CLANG_WARN_STRICT_PROTOTYPES = YES;
				CLANG_WARN_SUSPICIOUS_MOVE = YES;
				CLANG_WARN_UNREACHABLE_CODE = YES;
				CLANG_WARN__DUPLICATE_METHOD_MATCH = YES;
				"CODE_SIGN_IDENTITY[sdk=iphoneos*]" = "iPhone Developer";
				COPY_PHASE_STRIP = NO;
				ENABLE_STRICT_OBJC_MSGSEND = YES;
				ENABLE_TESTABILITY = YES;
				"EXCLUDED_ARCHS[sdk=iphonesimulator*]" = "";
				GCC_C_LANGUAGE_STANDARD = gnu99;
				GCC_DYNAMIC_NO_PIC = NO;
				GCC_NO_COMMON_BLOCKS = YES;
				GCC_OPTIMIZATION_LEVEL = 0;
				GCC_PREPROCESSOR_DEFINITIONS = (
					"DEBUG=1",
					"$(inherited)",
				);
				GCC_SYMBOLS_PRIVATE_EXTERN = NO;
				GCC_WARN_64_TO_32_BIT_CONVERSION = YES;
				GCC_WARN_ABOUT_RETURN_TYPE = YES_ERROR;
				GCC_WARN_UNDECLARED_SELECTOR = YES;
				GCC_WARN_UNINITIALIZED_AUTOS = YES_AGGRESSIVE;
				GCC_WARN_UNUSED_FUNCTION = YES;
				GCC_WARN_UNUSED_VARIABLE = YES;
				IPHONEOS_DEPLOYMENT_TARGET = 15.1;
				LD_RUNPATH_SEARCH_PATHS = (
					/usr/lib/swift,
					"$(inherited)",
				);
				LIBRARY_SEARCH_PATHS = (
					"\"$(SDKROOT)/usr/lib/swift\"",
					"\"$(TOOLCHAIN_DIR)/usr/lib/swift/$(PLATFORM_NAME)\"",
					"\"$(inherited)\"",
				);
				MTL_ENABLE_DEBUG_INFO = YES;
				ONLY_ACTIVE_ARCH = YES;
				OTHER_CFLAGS = (
					"$(inherited)",
					"-DRCT_REMOVE_LEGACY_ARCH=1",
				);
				OTHER_CPLUSPLUSFLAGS = (
					"$(OTHER_CFLAGS)",
					"-DFOLLY_NO_CONFIG",
					"-DFOLLY_MOBILE=1",
					"-DFOLLY_USE_LIBCPP=1",
					"-DFOLLY_CFG_NO_COROUTINES=1",
					"-DFOLLY_HAVE_CLOCK_GETTIME=1",
					"-DRCT_REMOVE_LEGACY_ARCH=1",
				);
				PODFILE_DIR = "$(SRCROOT)";
				REACT_NATIVE_PATH = "${PODS_ROOT}/../../node_modules/react-native";
				SDKROOT = iphoneos;
				SWIFT_ACTIVE_COMPILATION_CONDITIONS = "$(inherited) DEBUG";
				SWIFT_ENABLE_EXPLICIT_MODULES = NO;
				USE_HERMES = true;
			};
			name = Debug;
		};
		83CBBA211A601CBA00E9B192 /* Release */ = {
			isa = XCBuildConfiguration;
			buildSettings = {
				ALWAYS_SEARCH_USER_PATHS = NO;
				CLANG_ANALYZER_LOCALIZABILITY_NONLOCALIZED = YES;
				CLANG_CXX_LANGUAGE_STANDARD = "c++20";
				CLANG_CXX_LIBRARY = "libc++";
				CLANG_ENABLE_MODULES = YES;
				CLANG_ENABLE_OBJC_ARC = YES;
				CLANG_WARN_BLOCK_CAPTURE_AUTORELEASING = YES;
				CLANG_WARN_BOOL_CONVERSION = YES;
				CLANG_WARN_COMMA = YES;
				CLANG_WARN_CONSTANT_CONVERSION = YES;
				CLANG_WARN_DEPRECATED_OBJC_IMPLEMENTATIONS = YES;
				CLANG_WARN_DIRECT_OBJC_ISA_USAGE = YES_ERROR;
				CLANG_WARN_EMPTY_BODY = YES;
				CLANG_WARN_ENUM_CONVERSION = YES;
				CLANG_WARN_INFINITE_RECURSION = YES;
				CLANG_WARN_INT_CONVERSION = YES;
				CLANG_WARN_NON_LITERAL_NULL_CONVERSION = YES;
				CLANG_WARN_OBJC_IMPLICIT_RETAIN_SELF = YES;
				CLANG_WARN_OBJC_LITERAL_CONVERSION = YES;
				CLANG_WARN_OBJC_ROOT_CLASS = YES_ERROR;
				CLANG_WARN_QUOTED_INCLUDE_IN_FRAMEWORK_HEADER = YES;
				CLANG_WARN_RANGE_LOOP_ANALYSIS = YES;
				CLANG_WARN_STRICT_PROTOTYPES = YES;
				CLANG_WARN_SUSPICIOUS_MOVE = YES;
				CLANG_WARN_UNREACHABLE_CODE = YES;
				CLANG_WARN__DUPLICATE_METHOD_MATCH = YES;
				"CODE_SIGN_IDENTITY[sdk=iphoneos*]" = "iPhone Developer";
				COPY_PHASE_STRIP = YES;
				ENABLE_NS_ASSERTIONS = NO;
				ENABLE_STRICT_OBJC_MSGSEND = YES;
				"EXCLUDED_ARCHS[sdk=iphonesimulator*]" = "";
				GCC_C_LANGUAGE_STANDARD = gnu99;
				GCC_NO_COMMON_BLOCKS = YES;
				GCC_WARN_64_TO_32_BIT_CONVERSION = YES;
				GCC_WARN_ABOUT_RETURN_TYPE = YES_ERROR;
				GCC_WARN_UNDECLARED_SELECTOR = YES;
				GCC_WARN_UNINITIALIZED_AUTOS = YES_AGGRESSIVE;
				GCC_WARN_UNUSED_FUNCTION = YES;
				GCC_WARN_UNUSED_VARIABLE = YES;
				IPHONEOS_DEPLOYMENT_TARGET = 15.1;
				LD_RUNPATH_SEARCH_PATHS = (
					/usr/lib/swift,
					"$(inherited)",
				);
				LIBRARY_SEARCH_PATHS = (
					"\"$(SDKROOT)/usr/lib/swift\"",
					"\"$(TOOLCHAIN_DIR)/usr/lib/swift/$(PLATFORM_NAME)\"",
					"\"$(inherited)\"",
				);
				MTL_ENABLE_DEBUG_INFO = NO;
				OTHER_CFLAGS = (
					"$(inherited)",
					"-DRCT_REMOVE_LEGACY_ARCH=1",
				);
				OTHER_CPLUSPLUSFLAGS = (
					"$(OTHER_CFLAGS)",
					"-DFOLLY_NO_CONFIG",
					"-DFOLLY_MOBILE=1",
					"-DFOLLY_USE_LIBCPP=1",
					"-DFOLLY_CFG_NO_COROUTINES=1",
					"-DFOLLY_HAVE_CLOCK_GETTIME=1",
					"-DRCT_REMOVE_LEGACY_ARCH=1",
				);
				PODFILE_DIR = "$(SRCROOT)";
				REACT_NATIVE_PATH = "${PODS_ROOT}/../../node_modules/react-native";
				SDKROOT = iphoneos;
				SWIFT_ENABLE_EXPLICIT_MODULES = NO;
				USE_HERMES = true;
				VALIDATE_PRODUCT = YES;
			};
			name = Release;
		};
/* End XCBuildConfiguration section */

/* Begin XCConfigurationList section */
		13B07F931A680F5B00A75B9A /* Build configuration list for PBXNativeTarget "ViknergoTravelo" */ = {
			isa = XCConfigurationList;
			buildConfigurations = (
				13B07F941A680F5B00A75B9A /* Debug */,
				13B07F951A680F5B00A75B9A /* Release */,
			);
			defaultConfigurationIsVisible = 0;
			defaultConfigurationName = Release;
		};
		83CBB9FA1A601CBA00E9B192 /* Build configuration list for PBXProject "ViknergoTravelo" */ = {
			isa = XCConfigurationList;
			buildConfigurations = (
				83CBBA201A601CBA00E9B192 /* Debug */,
				83CBBA211A601CBA00E9B192 /* Release */,
			);
			defaultConfigurationIsVisible = 0;
			defaultConfigurationName = Release;
		};
/* End XCConfigurationList section */
	};
	rootObject = 83CBB9F71A601CBA00E9B192 /* Project object */;
}
